
Microsoft Visual Studio Solution File, Format Version 12.00
# Visual Studio Version 17
VisualStudioVersion = 17.4.33122.133
MinimumVisualStudioVersion = 10.0.40219.1
Project("{FAE04EC0-301F-11D3-BF4B-00C04F79EFBC}") = "HW", "HW\HW.csproj", "{48EE421A-0350-4ABE-B6E9-0A238F0E3B9D}"
EndProject
Global
	GlobalSection(SolutionConfigurationPlatforms) = preSolution
		Debug|Any CPU = Debug|Any CPU
		Release|Any CPU = Release|Any CPU
	EndGlobalSection
	GlobalSection(ProjectConfigurationPlatforms) = postSolution
		{48EE421A-0350-4ABE-B6E9-0A238F0E3B9D}.Debug|Any CPU.ActiveCfg = Debug|Any CPU
		{48EE421A-0350-4ABE-B6E9-0A238F0E3B9D}.Debug|Any CPU.Build.0 = Debug|Any CPU
		{48EE421A-0350-4ABE-B6E9-0A238F0E3B9D}.Release|Any CPU.ActiveCfg = Release|Any CPU
		{48EE421A-0350-4ABE-B6E9-0A238F0E3B9D}.Release|Any CPU.Build.0 = Release|Any CPU
	EndGlobalSection
	GlobalSection(SolutionProperties) = preSolution
		HideSolutionNode = FALSE
	EndGlobalSection
	GlobalSection(ExtensibilityGlobals) = postSolution
		SolutionGuid = {56B33B8D-4D06-4800-908B-181ADE45BFF0}
	EndGlobalSection
EndGlobal
